
Microsoft Visual Studio Solution File, Format Version 12.00
# Visual Studio Version 16
VisualStudioVersion = 16.0.31515.178
MinimumVisualStudioVersion = 15.0.26124.0
Project("{6EC3EE1D-3C4E-46DD-8F32-0CC8E7565705}") = "MusiOrder.Client", "client\src\MusiOrder.Client.fsproj", "{5DC85FBA-ED73-4470-91DC-B6B2FFB018C5}"
EndProject
Project("{6EC3EE1D-3C4E-46DD-8F32-0CC8E7565705}") = "MusiOrder.Server", "server\MusiOrder.Server.fsproj", "{17DA122B-24BC-4BDB-B72B-A66AE11E0588}"
EndProject
Project("{F2A71F9B-5D33-465A-A702-920D77279786}") = "MusiOrder.NfcReader", "nfc-reader\MusiOrder.NfcReader.fsproj", "{8DA28D76-CE7C-45E5-80C5-84F79FCAB18D}"
EndProject
Global
	GlobalSection(SolutionConfigurationPlatforms) = preSolution
		Debug|Any CPU = Debug|Any CPU
		Debug|x64 = Debug|x64
		Debug|x86 = Debug|x86
		Release|Any CPU = Release|Any CPU
		Release|x64 = Release|x64
		Release|x86 = Release|x86
	EndGlobalSection
	GlobalSection(ProjectConfigurationPlatforms) = postSolution
		{5DC85FBA-ED73-4470-91DC-B6B2FFB018C5}.Debug|Any CPU.ActiveCfg = Debug|Any CPU
		{5DC85FBA-ED73-4470-91DC-B6B2FFB018C5}.Debug|Any CPU.Build.0 = Debug|Any CPU
		{5DC85FBA-ED73-4470-91DC-B6B2FFB018C5}.Debug|x64.ActiveCfg = Debug|Any CPU
		{5DC85FBA-ED73-4470-91DC-B6B2FFB018C5}.Debug|x64.Build.0 = Debug|Any CPU
		{5DC85FBA-ED73-4470-91DC-B6B2FFB018C5}.Debug|x86.ActiveCfg = Debug|Any CPU
		{5DC85FBA-ED73-4470-91DC-B6B2FFB018C5}.Debug|x86.Build.0 = Debug|Any CPU
		{5DC85FBA-ED73-4470-91DC-B6B2FFB018C5}.Release|Any CPU.ActiveCfg = Release|Any CPU
		{5DC85FBA-ED73-4470-91DC-B6B2FFB018C5}.Release|Any CPU.Build.0 = Release|Any CPU
		{5DC85FBA-ED73-4470-91DC-B6B2FFB018C5}.Release|x64.ActiveCfg = Release|Any CPU
		{5DC85FBA-ED73-4470-91DC-B6B2FFB018C5}.Release|x64.Build.0 = Release|Any CPU
		{5DC85FBA-ED73-4470-91DC-B6B2FFB018C5}.Release|x86.ActiveCfg = Release|Any CPU
		{5DC85FBA-ED73-4470-91DC-B6B2FFB018C5}.Release|x86.Build.0 = Release|Any CPU
		{17DA122B-24BC-4BDB-B72B-A66AE11E0588}.Debug|Any CPU.ActiveCfg = Debug|Any CPU
		{17DA122B-24BC-4BDB-B72B-A66AE11E0588}.Debug|Any CPU.Build.0 = Debug|Any CPU
		{17DA122B-24BC-4BDB-B72B-A66AE11E0588}.Debug|x64.ActiveCfg = Debug|Any CPU
		{17DA122B-24BC-4BDB-B72B-A66AE11E0588}.Debug|x64.Build.0 = Debug|Any CPU
		{17DA122B-24BC-4BDB-B72B-A66AE11E0588}.Debug|x86.ActiveCfg = Debug|Any CPU
		{17DA122B-24BC-4BDB-B72B-A66AE11E0588}.Debug|x86.Build.0 = Debug|Any CPU
		{17DA122B-24BC-4BDB-B72B-A66AE11E0588}.Release|Any CPU.ActiveCfg = Release|Any CPU
		{17DA122B-24BC-4BDB-B72B-A66AE11E0588}.Release|Any CPU.Build.0 = Release|Any CPU
		{17DA122B-24BC-4BDB-B72B-A66AE11E0588}.Release|x64.ActiveCfg = Release|Any CPU
		{17DA122B-24BC-4BDB-B72B-A66AE11E0588}.Release|x64.Build.0 = Release|Any CPU
		{17DA122B-24BC-4BDB-B72B-A66AE11E0588}.Release|x86.ActiveCfg = Release|Any CPU
		{17DA122B-24BC-4BDB-B72B-A66AE11E0588}.Release|x86.Build.0 = Release|Any CPU
		{8DA28D76-CE7C-45E5-80C5-84F79FCAB18D}.Debug|Any CPU.ActiveCfg = Debug|Any CPU
		{8DA28D76-CE7C-45E5-80C5-84F79FCAB18D}.Debug|Any CPU.Build.0 = Debug|Any CPU
		{8DA28D76-CE7C-45E5-80C5-84F79FCAB18D}.Debug|x64.ActiveCfg = Debug|Any CPU
		{8DA28D76-CE7C-45E5-80C5-84F79FCAB18D}.Debug|x64.Build.0 = Debug|Any CPU
		{8DA28D76-CE7C-45E5-80C5-84F79FCAB18D}.Debug|x86.ActiveCfg = Debug|Any CPU
		{8DA28D76-CE7C-45E5-80C5-84F79FCAB18D}.Debug|x86.Build.0 = Debug|Any CPU
		{8DA28D76-CE7C-45E5-80C5-84F79FCAB18D}.Release|Any CPU.ActiveCfg = Release|Any CPU
		{8DA28D76-CE7C-45E5-80C5-84F79FCAB18D}.Release|Any CPU.Build.0 = Release|Any CPU
		{8DA28D76-CE7C-45E5-80C5-84F79FCAB18D}.Release|x64.ActiveCfg = Release|Any CPU
		{8DA28D76-CE7C-45E5-80C5-84F79FCAB18D}.Release|x64.Build.0 = Release|Any CPU
		{8DA28D76-CE7C-45E5-80C5-84F79FCAB18D}.Release|x86.ActiveCfg = Release|Any CPU
		{8DA28D76-CE7C-45E5-80C5-84F79FCAB18D}.Release|x86.Build.0 = Release|Any CPU
	EndGlobalSection
	GlobalSection(SolutionProperties) = preSolution
		HideSolutionNode = FALSE
	EndGlobalSection
	GlobalSection(ExtensibilityGlobals) = postSolution
		SolutionGuid = {E4B80322-596C-40BD-893E-61A061E9BF89}
	EndGlobalSection
EndGlobal
